{
    "version": 3,
    "terraform_version": "0.8.7",
    "serial": 4,
    "lineage": "bc261c4f-02bd-45ea-890a-7f6f3d80744a",
    "modules": [
        {
            "path": [
                "root"
            ],
            "outputs": {},
            "resources": {
                "azure_hosted_service.azure_test_nat": {
                    "type": "azure_hosted_service",
                    "depends_on": [],
                    "primary": {
                        "id": "azuretest8767553",
                        "attributes": {
                            "default_certificate_thumbprint": "",
                            "description": "Nat Gateway Hosted service created by Terraform.",
                            "ephemeral_contents": "false",
                            "id": "azuretest8767553",
                            "label": "azuretest8767553",
                            "location": "North Europe",
                            "name": "azuretest8767553",
                            "reverse_dns_fqdn": "",
                            "status": "Created",
                            "url": "https://management.core.windows.net/eb7378c9-28d1-4b25-92d3-e384b5a19b8d/services/hostedservices/azuretest8767553"
                        },
                        "meta": {},
                        "tainted": false
                    },
                    "deposed": [],
                    "provider": ""
                },
                "azure_instance.nat": {
                    "type": "azure_instance",
                    "depends_on": [
                        "azure_hosted_service.azure_test_nat",
                        "azure_security_group.public_ssh",
                        "azure_storage_service.azure_test_storage",
                        "azure_virtual_network.azure_test"
                    ],
                    "primary": {
                        "id": "azuretestnat",
                        "attributes": {
                            "automatic_updates": "false",
                            "endpoint.#": "1",
                            "endpoint.2462817782.name": "SSH",
                            "endpoint.2462817782.private_port": "22",
                            "endpoint.2462817782.protocol": "tcp",
                            "endpoint.2462817782.public_port": "22",
                            "hosted_service_name": "azuretest8767553",
                            "id": "azuretestnat",
                            "image": "Ubuntu Server 14.04 LTS",
                            "ip_address": "10.128.2.4",
                            "location": "North Europe",
                            "name": "azuretestnat",
                            "password": "Password!",
                            "reverse_dns": "",
                            "security_group": "public_ssh",
                            "size": "Basic_A1",
                            "storage_service_name": "teststorage8767553",
                            "subnet": "public",
                            "username": "terraform",
                            "vip_address": "52.169.199.214",
                            "virtual_network": "azure_test"
                        },
                        "meta": {},
                        "tainted": false
                    },
                    "deposed": [],
                    "provider": ""
                },
                "azure_security_group.private_ssh": {
                    "type": "azure_security_group",
                    "depends_on": [],
                    "primary": {
                        "id": "private_ssh",
                        "attributes": {
                            "id": "private_ssh",
                            "label": "private_ssh",
                            "location": "North Europe",
                            "name": "private_ssh"
                        },
                        "meta": {},
                        "tainted": false
                    },
                    "deposed": [],
                    "provider": ""
                },
                "azure_security_group.public_ssh": {
                    "type": "azure_security_group",
                    "depends_on": [],
                    "primary": {
                        "id": "public_ssh",
                        "attributes": {
                            "id": "public_ssh",
                            "label": "public_ssh",
                            "location": "North Europe",
                            "name": "public_ssh"
                        },
                        "meta": {},
                        "tainted": false
                    },
                    "deposed": [],
                    "provider": ""
                },
                "azure_security_group_rule.private_ssh_access": {
                    "type": "azure_security_group_rule",
                    "depends_on": [
                        "azure_security_group.private_ssh"
                    ],
                    "primary": {
                        "id": "private_ssh-access-rule",
                        "attributes": {
                            "action": "Allow",
                            "destination_address_prefix": "10.128.1.0/24",
                            "destination_port_range": "22",
                            "id": "private_ssh-access-rule",
                            "name": "private_ssh-access-rule",
                            "priority": "200",
                            "protocol": "TCP",
                            "security_group_names.#": "1",
                            "security_group_names.2481251147": "private_ssh",
                            "source_address_prefix": "10.128.2.0/24",
                            "source_port_range": "*",
                            "type": "Inbound"
                        },
                        "meta": {},
                        "tainted": false
                    },
                    "deposed": [],
                    "provider": ""
                },
                "azure_security_group_rule.public_ssh_access": {
                    "type": "azure_security_group_rule",
                    "depends_on": [
                        "azure_security_group.public_ssh"
                    ],
                    "primary": {
                        "id": "ssh-access-rule",
                        "attributes": {
                            "action": "Allow",
                            "destination_address_prefix": "10.128.2.0/24",
                            "destination_port_range": "22",
                            "id": "ssh-access-rule",
                            "name": "ssh-access-rule",
                            "priority": "200",
                            "protocol": "TCP",
                            "security_group_names.#": "1",
                            "security_group_names.48542606": "public_ssh",
                            "source_address_prefix": "*",
                            "source_port_range": "*",
                            "type": "Inbound"
                        },
                        "meta": {},
                        "tainted": false
                    },
                    "deposed": [],
                    "provider": ""
                },
                "azure_storage_service.azure_test_storage": {
                    "type": "azure_storage_service",
                    "depends_on": [],
                    "primary": {
                        "id": "teststorage8767553",
                        "attributes": {
                            "account_type": "Standard_LRS",
                            "description": "Made by Terraform.",
                            "id": "teststorage8767553",
                            "label": "Made by Terraform.",
                            "location": "North Europe",
                            "name": "teststorage8767553",
                            "primary_key": "CqT9hJNdHdrsJfpxZt6OxVHvv9EkNHziv7M4Fvb4oXsgBSGVmGyG39TEJpF/6EeW0dZT90flpE6AzOI+1KedBw==",
                            "secondary_key": "ezd+o48a3IhP2/yu4NaaUufk0noTkHTnycDKbLIy9q4yHC40wY6S5o63P5oa8azKZBsLL99xh7pNSX86DPXQqw==",
                            "url": "https://management.core.windows.net/eb7378c9-28d1-4b25-92d3-e384b5a19b8d/services/storageservices/teststorage8767553"
                        },
                        "meta": {},
                        "tainted": false
                    },
                    "deposed": [],
                    "provider": ""
                },
                "azure_virtual_network.azure_test": {
                    "type": "azure_virtual_network",
                    "depends_on": [],
                    "primary": {
                        "id": "azure_test",
                        "attributes": {
                            "address_space.#": "1",
                            "address_space.0": "10.128.0.0/16",
                            "id": "azure_test",
                            "location": "North Europe",
                            "name": "azure_test",
                            "subnet.#": "2",
                            "subnet.3909828056.address_prefix": "10.128.1.0/24",
                            "subnet.3909828056.name": "private",
                            "subnet.3909828056.security_group": "",
                            "subnet.517160785.address_prefix": "10.128.2.0/24",
                            "subnet.517160785.name": "public",
                            "subnet.517160785.security_group": ""
                        },
                        "meta": {},
                        "tainted": false
                    },
                    "deposed": [],
                    "provider": ""
                }
            },
            "depends_on": []
        }
    ]
}
